
Microsoft Visual Studio Solution File, Format Version 12.00
# Visual Studio Version 17
VisualStudioVersion = 17.0.31912.275
MinimumVisualStudioVersion = 10.0.40219.1
Project("{FAE04EC0-301F-11D3-BF4B-00C04F79EFBC}") = "App", "App\App.csproj", "{00D6699E-E793-43E3-BCD6-0F0E21DA5F75}"
EndProject
Global
	GlobalSection(SolutionConfigurationPlatforms) = preSolution
		Debug|Any CPU = Debug|Any CPU
		Release|Any CPU = Release|Any CPU
	EndGlobalSection
	GlobalSection(ProjectConfigurationPlatforms) = postSolution
		{00D6699E-E793-43E3-BCD6-0F0E21DA5F75}.Debug|Any CPU.ActiveCfg = Debug|Any CPU
		{00D6699E-E793-43E3-BCD6-0F0E21DA5F75}.Debug|Any CPU.Build.0 = Debug|Any CPU
		{00D6699E-E793-43E3-BCD6-0F0E21DA5F75}.Release|Any CPU.ActiveCfg = Release|Any CPU
		{00D6699E-E793-43E3-BCD6-0F0E21DA5F75}.Release|Any CPU.Build.0 = Release|Any CPU
	EndGlobalSection
	GlobalSection(SolutionProperties) = preSolution
		HideSolutionNode = FALSE
	EndGlobalSection
	GlobalSection(ExtensibilityGlobals) = postSolution
		SolutionGuid = {7DEC870E-0C0C-4DC4-BCF7-5454F52880AB}
	EndGlobalSection
EndGlobal
